
Microsoft Visual Studio Solution File, Format Version 12.00
# Visual Studio Version 16
VisualStudioVersion = 16.0.810.6
MinimumVisualStudioVersion = 10.0.40219.1
Project("{FAE04EC0-301F-11D3-BF4B-00C04F79EFBC}") = "Evospike.PollyWithRetryAndCircuitBreaker", "Evospike.PollyWithRetryAndCircuitBreaker\Evospike.PollyWithRetryAndCircuitBreaker.csproj", "{384653BB-103A-463B-9E3D-E315B67AEB2F}"
EndProject
Global
	GlobalSection(SolutionConfigurationPlatforms) = preSolution
		Debug|Any CPU = Debug|Any CPU
		Release|Any CPU = Release|Any CPU
	EndGlobalSection
	GlobalSection(ProjectConfigurationPlatforms) = postSolution
		{384653BB-103A-463B-9E3D-E315B67AEB2F}.Debug|Any CPU.ActiveCfg = Debug|Any CPU
		{384653BB-103A-463B-9E3D-E315B67AEB2F}.Debug|Any CPU.Build.0 = Debug|Any CPU
		{384653BB-103A-463B-9E3D-E315B67AEB2F}.Release|Any CPU.ActiveCfg = Release|Any CPU
		{384653BB-103A-463B-9E3D-E315B67AEB2F}.Release|Any CPU.Build.0 = Release|Any CPU
	EndGlobalSection
	GlobalSection(SolutionProperties) = preSolution
		HideSolutionNode = FALSE
	EndGlobalSection
	GlobalSection(ExtensibilityGlobals) = postSolution
		SolutionGuid = {F0C93E5E-C726-4D53-A2C1-A30BD51FAF00}
	EndGlobalSection
EndGlobal
